
Microsoft Visual Studio Solution File, Format Version 12.00
# Visual Studio 14
VisualStudioVersion = 14.0.25420.1
MinimumVisualStudioVersion = 10.0.40219.1
Project("{FAE04EC0-301F-11D3-BF4B-00C04F79EFBC}") = "DataAccess", "DataAccess\DataAccess.csproj", "{3B616457-7DDA-452B-B752-768EE23D1F27}"
	ProjectSection(ProjectDependencies) = postProject
		{0AC2C2C0-83F1-4C80-9C44-0456AB092D74} = {0AC2C2C0-83F1-4C80-9C44-0456AB092D74}
	EndProjectSection
EndProject
Project("{E24C65DC-7377-472B-9ABA-BC803B73C61A}") = "WebSiteTaxi", "C:\Users\misso\Documents\Visual Studio 2015\WebSites\WebSiteTaxi\", "{8CA3EAA6-74ED-4717-9CA8-F010D839612F}"
	ProjectSection(WebsiteProperties) = preProject
		TargetFrameworkMoniker = ".NETFramework,Version%3Dv4.5.2"
		ProjectReferences = "{3b616457-7dda-452b-b752-768ee23d1f27}|DataAccess.dll;{0AC2C2C0-83F1-4C80-9C44-0456AB092D74}|DataModels.dll;"
		Debug.AspNetCompiler.VirtualPath = "/localhost_64007"
		Debug.AspNetCompiler.PhysicalPath = "C:\Users\misso\Documents\Visual Studio 2015\WebSites\WebSiteTaxi\"
		Debug.AspNetCompiler.TargetPath = "PrecompiledWeb\localhost_64007\"
		Debug.AspNetCompiler.Updateable = "true"
		Debug.AspNetCompiler.ForceOverwrite = "true"
		Debug.AspNetCompiler.FixedNames = "false"
		Debug.AspNetCompiler.Debug = "True"
		Release.AspNetCompiler.VirtualPath = "/localhost_64007"
		Release.AspNetCompiler.PhysicalPath = "C:\Users\misso\Documents\Visual Studio 2015\WebSites\WebSiteTaxi\"
		Release.AspNetCompiler.TargetPath = "PrecompiledWeb\localhost_64007\"
		Release.AspNetCompiler.Updateable = "true"
		Release.AspNetCompiler.ForceOverwrite = "true"
		Release.AspNetCompiler.FixedNames = "false"
		Release.AspNetCompiler.Debug = "False"
		VWDPort = "64007"
		SlnRelativePath = "C:\Users\misso\Documents\Visual Studio 2015\WebSites\WebSiteTaxi\"
		DefaultWebSiteLanguage = "Visual C#"
	EndProjectSection
	ProjectSection(ProjectDependencies) = postProject
		{0AC2C2C0-83F1-4C80-9C44-0456AB092D74} = {0AC2C2C0-83F1-4C80-9C44-0456AB092D74}
	EndProjectSection
EndProject
Project("{FAE04EC0-301F-11D3-BF4B-00C04F79EFBC}") = "DClient", "DClient\DClient.csproj", "{1C48DBC1-3AA1-4604-8EAB-24578956D2B5}"
	ProjectSection(ProjectDependencies) = postProject
		{8CA3EAA6-74ED-4717-9CA8-F010D839612F} = {8CA3EAA6-74ED-4717-9CA8-F010D839612F}
	EndProjectSection
EndProject
Project("{FAE04EC0-301F-11D3-BF4B-00C04F79EFBC}") = "DataModels", "DataModels\DataModels.csproj", "{0AC2C2C0-83F1-4C80-9C44-0456AB092D74}"
EndProject
Project("{FAE04EC0-301F-11D3-BF4B-00C04F79EFBC}") = "WebClient", "WebClient\WebClient.csproj", "{5A18B160-348F-44E8-AC17-205D95E276C3}"
	ProjectSection(ProjectDependencies) = postProject
		{8CA3EAA6-74ED-4717-9CA8-F010D839612F} = {8CA3EAA6-74ED-4717-9CA8-F010D839612F}
	EndProjectSection
EndProject
Global
	GlobalSection(SolutionConfigurationPlatforms) = preSolution
		Debug|Any CPU = Debug|Any CPU
		Release|Any CPU = Release|Any CPU
	EndGlobalSection
	GlobalSection(ProjectConfigurationPlatforms) = postSolution
		{3B616457-7DDA-452B-B752-768EE23D1F27}.Debug|Any CPU.ActiveCfg = Debug|Any CPU
		{3B616457-7DDA-452B-B752-768EE23D1F27}.Debug|Any CPU.Build.0 = Debug|Any CPU
		{3B616457-7DDA-452B-B752-768EE23D1F27}.Release|Any CPU.ActiveCfg = Release|Any CPU
		{3B616457-7DDA-452B-B752-768EE23D1F27}.Release|Any CPU.Build.0 = Release|Any CPU
		{8CA3EAA6-74ED-4717-9CA8-F010D839612F}.Debug|Any CPU.ActiveCfg = Debug|Any CPU
		{8CA3EAA6-74ED-4717-9CA8-F010D839612F}.Debug|Any CPU.Build.0 = Debug|Any CPU
		{8CA3EAA6-74ED-4717-9CA8-F010D839612F}.Release|Any CPU.ActiveCfg = Debug|Any CPU
		{8CA3EAA6-74ED-4717-9CA8-F010D839612F}.Release|Any CPU.Build.0 = Debug|Any CPU
		{1C48DBC1-3AA1-4604-8EAB-24578956D2B5}.Debug|Any CPU.ActiveCfg = Debug|Any CPU
		{1C48DBC1-3AA1-4604-8EAB-24578956D2B5}.Debug|Any CPU.Build.0 = Debug|Any CPU
		{1C48DBC1-3AA1-4604-8EAB-24578956D2B5}.Release|Any CPU.ActiveCfg = Release|Any CPU
		{1C48DBC1-3AA1-4604-8EAB-24578956D2B5}.Release|Any CPU.Build.0 = Release|Any CPU
		{0AC2C2C0-83F1-4C80-9C44-0456AB092D74}.Debug|Any CPU.ActiveCfg = Debug|Any CPU
		{0AC2C2C0-83F1-4C80-9C44-0456AB092D74}.Debug|Any CPU.Build.0 = Debug|Any CPU
		{0AC2C2C0-83F1-4C80-9C44-0456AB092D74}.Release|Any CPU.ActiveCfg = Release|Any CPU
		{0AC2C2C0-83F1-4C80-9C44-0456AB092D74}.Release|Any CPU.Build.0 = Release|Any CPU
		{5A18B160-348F-44E8-AC17-205D95E276C3}.Debug|Any CPU.ActiveCfg = Debug|Any CPU
		{5A18B160-348F-44E8-AC17-205D95E276C3}.Debug|Any CPU.Build.0 = Debug|Any CPU
		{5A18B160-348F-44E8-AC17-205D95E276C3}.Release|Any CPU.ActiveCfg = Release|Any CPU
		{5A18B160-348F-44E8-AC17-205D95E276C3}.Release|Any CPU.Build.0 = Release|Any CPU
	EndGlobalSection
	GlobalSection(SolutionProperties) = preSolution
		HideSolutionNode = FALSE
	EndGlobalSection
EndGlobal
